<?xml version="1.0" encoding="utf-8"?>
<Project ToolsVersion="4.0" xmlns="http://schemas.microsoft.com/developer/msbuild/2003">
  <ItemGroup>
    <Filter Include="Source Files">
      <UniqueIdentifier>{4FC737F1-C7A5-4376-A066-2A32D752A2FF}</UniqueIdentifier>
      <Extensions>cpp;c;cc;cxx;c++;cppm;ixx;def;odl;idl;hpj;bat;asm;asmx</Extensions>
    </Filter>
    <Filter Include="Header Files">
      <UniqueIdentifier>{93995380-89BD-4b04-88EB-625FBE52EBFB}</UniqueIdentifier>
      <Extensions>h;hh;hpp;hxx;h++;hm;inl;inc;ipp;xsd</Extensions>
    </Filter>
    <Filter Include="Resource Files">
      <UniqueIdentifier>{67DA6AB6-F800-4c08-8B7A-83BB121AAD01}</UniqueIdentifier>
      <Extensions>rc;ico;cur;bmp;dlg;rc2;rct;bin;rgs;gif;jpg;jpeg;jpe;resx;tiff;tif;png;wav;mfcribbon-ms</Extensions>
    </Filter>
    <Filter Include="Shaders">
      <UniqueIdentifier>{dbb34435-4e81-491c-a07b-312454bd70a0}</UniqueIdentifier>
    </Filter>
    <Filter Include="Header Files\Render Flies">
      <UniqueIdentifier>{eea0a114-47ff-4607-a43b-8af32291c8aa}</UniqueIdentifier>
    </Filter>
    <Filter Include="Source Files\Render Files">
      <UniqueIdentifier>{f0ceedfd-9c00-4c15-a52a-0496a445af67}</UniqueIdentifier>
    </Filter>
    <Filter Include="Source Files\Actor Files">
      <UniqueIdentifier>{13368f02-d922-4a4e-827a-93013965c78b}</UniqueIdentifier>
    </Filter>
    <Filter Include="Header Files\Actor Files">
      <UniqueIdentifier>{dfee374a-d4c4-4ff7-907c-6a5c15ae2144}</UniqueIdentifier>
    </Filter>
    <Filter Include="Header Files\Utils">
      <UniqueIdentifier>{243d8ed2-cb2e-40c4-ab37-51c9e6b8dd1f}</UniqueIdentifier>
    </Filter>
    <Filter Include="Source Files\Actor Files\Component Files">
      <UniqueIdentifier>{1934146a-60bc-4f13-a583-ca31d64c2dc2}</UniqueIdentifier>
    </Filter>
    <Filter Include="Header Files\Actor Files\Component Files">
      <UniqueIdentifier>{709b6393-6f75-418e-ace3-fff4f74d7199}</UniqueIdentifier>
    </Filter>
    <Filter Include="Source Files\Utils">
      <UniqueIdentifier>{fc340536-8a82-4761-9a2c-43848c78245f}</UniqueIdentifier>
    </Filter>
    <Filter Include="Header Files\SpecificActors">
      <UniqueIdentifier>{50afb2c5-508e-46e5-92ca-2aa0cea12cb3}</UniqueIdentifier>
    </Filter>
    <Filter Include="Source Files\SpecificActors">
      <UniqueIdentifier>{54acd261-fd41-4a1f-a298-9613d7d8f07b}</UniqueIdentifier>
    </Filter>
  </ItemGroup>
  <ItemGroup>
    <ClInclude Include="InputClass.h">
      <Filter>Header Files</Filter>
    </ClInclude>
    <ClInclude Include="resource.h">
      <Filter>Header Files</Filter>
    </ClInclude>
    <ClInclude Include="ApplicationClass.h">
      <Filter>Header Files\Render Flies</Filter>
    </ClInclude>
    <ClInclude Include="CameraClass.h">
      <Filter>Header Files\Render Flies</Filter>
    </ClInclude>
    <ClInclude Include="ColorShaderClass.h">
      <Filter>Header Files\Render Flies</Filter>
    </ClInclude>
    <ClInclude Include="D3DClass.h">
      <Filter>Header Files\Render Flies</Filter>
    </ClInclude>
    <ClInclude Include="ModelClass.h">
      <Filter>Header Files\Render Flies</Filter>
    </ClInclude>
    <ClInclude Include="SystemClass.h">
      <Filter>Header Files\Render Flies</Filter>
    </ClInclude>
    <ClInclude Include="TextureClass.h">
      <Filter>Header Files\Render Flies</Filter>
    </ClInclude>
    <ClInclude Include="TextureShaderClass.h">
      <Filter>Header Files\Render Flies</Filter>
    </ClInclude>
    <ClInclude Include="Actor.h">
      <Filter>Header Files\Actor Files</Filter>
    </ClInclude>
    <ClInclude Include="Math.h">
      <Filter>Header Files\Utils</Filter>
    </ClInclude>
    <ClInclude Include="Component.h">
      <Filter>Header Files\Actor Files\Component Files</Filter>
    </ClInclude>
    <ClInclude Include="SpriteComponent.h">
      <Filter>Header Files\Actor Files\Component Files</Filter>
    </ClInclude>
    <ClInclude Include="SquareComponent.h">
      <Filter>Header Files\Actor Files\Component Files</Filter>
    </ClInclude>
    <ClInclude Include="InputComponent.h">
      <Filter>Header Files\Actor Files\Component Files</Filter>
    </ClInclude>
    <ClInclude Include="Game.h">
      <Filter>Header Files</Filter>
    </ClInclude>
    <ClInclude Include="MoveComponent.h">
      <Filter>Header Files\Actor Files\Component Files</Filter>
    </ClInclude>
    <ClInclude Include="CircleComponent.h">
      <Filter>Header Files\Actor Files\Component Files</Filter>
    </ClInclude>
    <ClInclude Include="Brick.h">
      <Filter>Header Files\SpecificActors</Filter>
    </ClInclude>
    <ClInclude Include="Random.h">
      <Filter>Header Files\Utils</Filter>
    </ClInclude>
  </ItemGroup>
  <ItemGroup>
    <ClCompile Include="Engine.cpp">
      <Filter>Source Files</Filter>
    </ClCompile>
    <ClCompile Include="ApplicationClass.cpp">
      <Filter>Source Files\Render Files</Filter>
    </ClCompile>
    <ClCompile Include="CameraClass.cpp">
      <Filter>Source Files\Render Files</Filter>
    </ClCompile>
    <ClCompile Include="ColorShaderClass.cpp">
      <Filter>Source Files\Render Files</Filter>
    </ClCompile>
    <ClCompile Include="D3DClass.cpp">
      <Filter>Source Files\Render Files</Filter>
    </ClCompile>
    <ClCompile Include="ModelClass.cpp">
      <Filter>Source Files\Render Files</Filter>
    </ClCompile>
    <ClCompile Include="SystemClass.cpp">
      <Filter>Source Files\Render Files</Filter>
    </ClCompile>
    <ClCompile Include="TextureClass.cpp">
      <Filter>Source Files\Render Files</Filter>
    </ClCompile>
    <ClCompile Include="TextureShaderClass.cpp">
      <Filter>Source Files\Render Files</Filter>
    </ClCompile>
    <ClCompile Include="Actor.cpp">
      <Filter>Source Files\Actor Files</Filter>
    </ClCompile>
    <ClCompile Include="SpriteComponent.cpp">
      <Filter>Source Files\Actor Files\Component Files</Filter>
    </ClCompile>
    <ClCompile Include="Component.cpp">
      <Filter>Source Files\Actor Files\Component Files</Filter>
    </ClCompile>
    <ClCompile Include="SquareComponent.cpp">
      <Filter>Source Files\Actor Files\Component Files</Filter>
    </ClCompile>
    <ClCompile Include="InputComponent.cpp">
      <Filter>Source Files\Actor Files\Component Files</Filter>
    </ClCompile>
    <ClCompile Include="MoveComponent.cpp">
      <Filter>Source Files\Actor Files\Component Files</Filter>
    </ClCompile>
    <ClCompile Include="Game.cpp">
      <Filter>Source Files</Filter>
    </ClCompile>
    <ClCompile Include="InputClass.cpp">
      <Filter>Source Files\Utils</Filter>
    </ClCompile>
    <ClCompile Include="CircleComponent.cpp">
      <Filter>Source Files\Actor Files\Component Files</Filter>
    </ClCompile>
    <ClCompile Include="Math.cpp">
      <Filter>Source Files\Utils</Filter>
    </ClCompile>
    <ClCompile Include="Brick.cpp">
      <Filter>Source Files\SpecificActors</Filter>
    </ClCompile>
    <ClCompile Include="Random.cpp">
      <Filter>Source Files\Utils</Filter>
    </ClCompile>
  </ItemGroup>
  <ItemGroup>
    <Image Include="small.ico">
      <Filter>Resource Files</Filter>
    </Image>
    <Image Include="Engine.ico">
      <Filter>Resource Files</Filter>
    </Image>
  </ItemGroup>
  <ItemGroup>
    <FxCompile Include="ColorPixelShader.hlsl">
      <Filter>Shaders</Filter>
    </FxCompile>
    <FxCompile Include="ColorVertexShader.hlsl">
      <Filter>Shaders</Filter>
    </FxCompile>
    <FxCompile Include="TextureVertexShader.hlsl">
      <Filter>Shaders</Filter>
    </FxCompile>
    <FxCompile Include="TexturePixelShader.hlsl">
      <Filter>Shaders</Filter>
    </FxCompile>
  </ItemGroup>
  <ItemGroup>
    <ResourceCompile Include="Engine.rc">
      <Filter>Resource Files</Filter>
    </ResourceCompile>
  </ItemGroup>
</Project>